// !$*UTF8*$!
{
	archiveVersion = 1;
	classes = {
	};
	objectVersion = 50;
	objects = {

/* Begin PBXBuildFile section */
		FA1FE27925DC164C009D7A15 /* FocusApp.swift in Sources */ = {isa = PBXBuildFile; fileRef = FA1FE27825DC164C009D7A15 /* FocusApp.swift */; };
		FA1FE27B25DC164C009D7A15 /* ContentView.swift in Sources */ = {isa = PBXBuildFile; fileRef = FA1FE27A25DC164C009D7A15 /* ContentView.swift */; };
		FA1FE27D25DC164E009D7A15 /* Assets.xcassets in Resources */ = {isa = PBXBuildFile; fileRef = FA1FE27C25DC164E009D7A15 /* Assets.xcassets */; };
		FA1FE28025DC164E009D7A15 /* Preview Assets.xcassets in Resources */ = {isa = PBXBuildFile; fileRef = FA1FE27F25DC164E009D7A15 /* Preview Assets.xcassets */; };
		FA1FE28B25DC164E009D7A15 /* FocusTests.swift in Sources */ = {isa = PBXBuildFile; fileRef = FA1FE28A25DC164E009D7A15 /* FocusTests.swift */; };
		FA1FE29625DC164E009D7A15 /* FocusUITests.swift in Sources */ = {isa = PBXBuildFile; fileRef = FA1FE29525DC164E009D7A15 /* FocusUITests.swift */; };
		FA262A0B26381CA900849BF8 /* timer-done.wav in Resources */ = {isa = PBXBuildFile; fileRef = FA262A0A26381CA800849BF8 /* timer-done.wav */; };
		FA262A0C26381CA900849BF8 /* timer-done.wav in Resources */ = {isa = PBXBuildFile; fileRef = FA262A0A26381CA800849BF8 /* timer-done.wav */; };
		FA262A0D26381CA900849BF8 /* timer-done.wav in Resources */ = {isa = PBXBuildFile; fileRef = FA262A0A26381CA800849BF8 /* timer-done.wav */; };
		FA27D96C2638275D00FA8806 /* AnimationPractice.swift in Sources */ = {isa = PBXBuildFile; fileRef = FA27D96B2638275D00FA8806 /* AnimationPractice.swift */; };
		FA336CD4261C8C5F009FCD7A /* OnboardingNavigationView.swift in Sources */ = {isa = PBXBuildFile; fileRef = FA336CD3261C8C5F009FCD7A /* OnboardingNavigationView.swift */; };
		FA35A075260E56EF00025F14 /* CreateNewFocusView.swift in Sources */ = {isa = PBXBuildFile; fileRef = FA35A074260E56EF00025F14 /* CreateNewFocusView.swift */; };
		FA35A07E260E5B7900025F14 /* Fonts.swift in Sources */ = {isa = PBXBuildFile; fileRef = FA35A07D260E5B7900025F14 /* Fonts.swift */; };
		FA35A086260E62D400025F14 /* Buttons.swift in Sources */ = {isa = PBXBuildFile; fileRef = FA35A085260E62D400025F14 /* Buttons.swift */; };
		FA3EE5CA26290106009B1AFC /* FocusSessionPausedView.swift in Sources */ = {isa = PBXBuildFile; fileRef = FA3EE5C926290105009B1AFC /* FocusSessionPausedView.swift */; };
		FA3EE5DB26291A64009B1AFC /* FocusSessionSummaryView.swift in Sources */ = {isa = PBXBuildFile; fileRef = FA3EE5DA26291A63009B1AFC /* FocusSessionSummaryView.swift */; };
		FA3EE5E626291B85009B1AFC /* FocusTitleView.swift in Sources */ = {isa = PBXBuildFile; fileRef = FA3EE5E526291B85009B1AFC /* FocusTitleView.swift */; };
		FA3EE5EB26292204009B1AFC /* NavigationHelper.swift in Sources */ = {isa = PBXBuildFile; fileRef = FA3EE5EA26292204009B1AFC /* NavigationHelper.swift */; };
		FA70A918260BA50100249A24 /* Colors.xcassets in Resources */ = {isa = PBXBuildFile; fileRef = FA70A917260BA50100249A24 /* Colors.xcassets */; };
		FA70A91D260BAEBE00249A24 /* Colors.swift in Sources */ = {isa = PBXBuildFile; fileRef = FA70A91C260BAEBE00249A24 /* Colors.swift */; };
		FA70A926260BB20000249A24 /* OnboardingStepView.swift in Sources */ = {isa = PBXBuildFile; fileRef = FA70A925260BB20000249A24 /* OnboardingStepView.swift */; };
		FA70A92B260BB25C00249A24 /* OnboardingDataModel.swift in Sources */ = {isa = PBXBuildFile; fileRef = FA70A92A260BB25C00249A24 /* OnboardingDataModel.swift */; };
		FAB43F3A261DAC5F0016B34E /* ArchivoNarrow-Bold.ttf in Resources */ = {isa = PBXBuildFile; fileRef = FAB43F39261DAC5F0016B34E /* ArchivoNarrow-Bold.ttf */; };
		FAB8E263260BD9F400AF5C45 /* OnboardingView.swift in Sources */ = {isa = PBXBuildFile; fileRef = FAB8E262260BD9F400AF5C45 /* OnboardingView.swift */; };
		FAB8E268260BDEFA00AF5C45 /* Archivo-SemiBold.ttf in Resources */ = {isa = PBXBuildFile; fileRef = FAB8E267260BDEFA00AF5C45 /* Archivo-SemiBold.ttf */; };
		FAB8E26D260BDF0700AF5C45 /* Archivo-Regular.ttf in Resources */ = {isa = PBXBuildFile; fileRef = FAB8E26C260BDF0700AF5C45 /* Archivo-Regular.ttf */; };
		FAFC0121261D228600067C5A /* ColorSwatchView.swift in Sources */ = {isa = PBXBuildFile; fileRef = FAFC0120261D228600067C5A /* ColorSwatchView.swift */; };
		FAFC012F261D92F500067C5A /* FocusSessionView.swift in Sources */ = {isa = PBXBuildFile; fileRef = FAFC012E261D92F500067C5A /* FocusSessionView.swift */; };
		FAFC0134261D93D200067C5A /* FocusSession.swift in Sources */ = {isa = PBXBuildFile; fileRef = FAFC0133261D93D200067C5A /* FocusSession.swift */; };
/* End PBXBuildFile section */

/* Begin PBXContainerItemProxy section */
		FA1FE28725DC164E009D7A15 /* PBXContainerItemProxy */ = {
			isa = PBXContainerItemProxy;
			containerPortal = FA1FE26D25DC164C009D7A15 /* Project object */;
			proxyType = 1;
			remoteGlobalIDString = FA1FE27425DC164C009D7A15;
			remoteInfo = Focus;
		};
		FA1FE29225DC164E009D7A15 /* PBXContainerItemProxy */ = {
			isa = PBXContainerItemProxy;
			containerPortal = FA1FE26D25DC164C009D7A15 /* Project object */;
			proxyType = 1;
			remoteGlobalIDString = FA1FE27425DC164C009D7A15;
			remoteInfo = Focus;
		};
/* End PBXContainerItemProxy section */

/* Begin PBXFileReference section */
		FA1FE27525DC164C009D7A15 /* Focus.app */ = {isa = PBXFileReference; explicitFileType = wrapper.application; includeInIndex = 0; path = Focus.app; sourceTree = BUILT_PRODUCTS_DIR; };
		FA1FE27825DC164C009D7A15 /* FocusApp.swift */ = {isa = PBXFileReference; lastKnownFileType = sourcecode.swift; path = FocusApp.swift; sourceTree = "<group>"; };
		FA1FE27A25DC164C009D7A15 /* ContentView.swift */ = {isa = PBXFileReference; lastKnownFileType = sourcecode.swift; path = ContentView.swift; sourceTree = "<group>"; };
		FA1FE27C25DC164E009D7A15 /* Assets.xcassets */ = {isa = PBXFileReference; lastKnownFileType = folder.assetcatalog; path = Assets.xcassets; sourceTree = "<group>"; };
		FA1FE27F25DC164E009D7A15 /* Preview Assets.xcassets */ = {isa = PBXFileReference; lastKnownFileType = folder.assetcatalog; path = "Preview Assets.xcassets"; sourceTree = "<group>"; };
		FA1FE28125DC164E009D7A15 /* Info.plist */ = {isa = PBXFileReference; lastKnownFileType = text.plist.xml; path = Info.plist; sourceTree = "<group>"; };
		FA1FE28625DC164E009D7A15 /* FocusTests.xctest */ = {isa = PBXFileReference; explicitFileType = wrapper.cfbundle; includeInIndex = 0; path = FocusTests.xctest; sourceTree = BUILT_PRODUCTS_DIR; };
		FA1FE28A25DC164E009D7A15 /* FocusTests.swift */ = {isa = PBXFileReference; lastKnownFileType = sourcecode.swift; path = FocusTests.swift; sourceTree = "<group>"; };
		FA1FE28C25DC164E009D7A15 /* Info.plist */ = {isa = PBXFileReference; lastKnownFileType = text.plist.xml; path = Info.plist; sourceTree = "<group>"; };
		FA1FE29125DC164E009D7A15 /* FocusUITests.xctest */ = {isa = PBXFileReference; explicitFileType = wrapper.cfbundle; includeInIndex = 0; path = FocusUITests.xctest; sourceTree = BUILT_PRODUCTS_DIR; };
		FA1FE29525DC164E009D7A15 /* FocusUITests.swift */ = {isa = PBXFileReference; lastKnownFileType = sourcecode.swift; path = FocusUITests.swift; sourceTree = "<group>"; };
		FA1FE29725DC164E009D7A15 /* Info.plist */ = {isa = PBXFileReference; lastKnownFileType = text.plist.xml; path = Info.plist; sourceTree = "<group>"; };
		FA262A0A26381CA800849BF8 /* timer-done.wav */ = {isa = PBXFileReference; lastKnownFileType = audio.wav; path = "timer-done.wav"; sourceTree = "<group>"; };
		FA27D96B2638275D00FA8806 /* AnimationPractice.swift */ = {isa = PBXFileReference; lastKnownFileType = sourcecode.swift; path = AnimationPractice.swift; sourceTree = "<group>"; };
		FA336CD3261C8C5F009FCD7A /* OnboardingNavigationView.swift */ = {isa = PBXFileReference; lastKnownFileType = sourcecode.swift; path = OnboardingNavigationView.swift; sourceTree = "<group>"; };
		FA35A074260E56EF00025F14 /* CreateNewFocusView.swift */ = {isa = PBXFileReference; fileEncoding = 4; lastKnownFileType = sourcecode.swift; path = CreateNewFocusView.swift; sourceTree = "<group>"; };
		FA35A07D260E5B7900025F14 /* Fonts.swift */ = {isa = PBXFileReference; lastKnownFileType = sourcecode.swift; path = Fonts.swift; sourceTree = "<group>"; };
		FA35A085260E62D400025F14 /* Buttons.swift */ = {isa = PBXFileReference; lastKnownFileType = sourcecode.swift; path = Buttons.swift; sourceTree = "<group>"; };
		FA3EE5C926290105009B1AFC /* FocusSessionPausedView.swift */ = {isa = PBXFileReference; lastKnownFileType = sourcecode.swift; path = FocusSessionPausedView.swift; sourceTree = "<group>"; };
		FA3EE5DA26291A63009B1AFC /* FocusSessionSummaryView.swift */ = {isa = PBXFileReference; lastKnownFileType = sourcecode.swift; path = FocusSessionSummaryView.swift; sourceTree = "<group>"; };
		FA3EE5E526291B85009B1AFC /* FocusTitleView.swift */ = {isa = PBXFileReference; lastKnownFileType = sourcecode.swift; path = FocusTitleView.swift; sourceTree = "<group>"; };
		FA3EE5EA26292204009B1AFC /* NavigationHelper.swift */ = {isa = PBXFileReference; lastKnownFileType = sourcecode.swift; path = NavigationHelper.swift; sourceTree = "<group>"; };
		FA70A917260BA50100249A24 /* Colors.xcassets */ = {isa = PBXFileReference; lastKnownFileType = folder.assetcatalog; path = Colors.xcassets; sourceTree = "<group>"; };
		FA70A91C260BAEBE00249A24 /* Colors.swift */ = {isa = PBXFileReference; lastKnownFileType = sourcecode.swift; path = Colors.swift; sourceTree = "<group>"; };
		FA70A925260BB20000249A24 /* OnboardingStepView.swift */ = {isa = PBXFileReference; lastKnownFileType = sourcecode.swift; path = OnboardingStepView.swift; sourceTree = "<group>"; };
		FA70A92A260BB25C00249A24 /* OnboardingDataModel.swift */ = {isa = PBXFileReference; lastKnownFileType = sourcecode.swift; path = OnboardingDataModel.swift; sourceTree = "<group>"; };
		FAB43F39261DAC5F0016B34E /* ArchivoNarrow-Bold.ttf */ = {isa = PBXFileReference; lastKnownFileType = file; path = "ArchivoNarrow-Bold.ttf"; sourceTree = "<group>"; };
		FAB8E262260BD9F400AF5C45 /* OnboardingView.swift */ = {isa = PBXFileReference; lastKnownFileType = sourcecode.swift; path = OnboardingView.swift; sourceTree = "<group>"; };
		FAB8E267260BDEFA00AF5C45 /* Archivo-SemiBold.ttf */ = {isa = PBXFileReference; lastKnownFileType = file; path = "Archivo-SemiBold.ttf"; sourceTree = "<group>"; };
		FAB8E26C260BDF0700AF5C45 /* Archivo-Regular.ttf */ = {isa = PBXFileReference; lastKnownFileType = file; path = "Archivo-Regular.ttf"; sourceTree = "<group>"; };
		FAFC0120261D228600067C5A /* ColorSwatchView.swift */ = {isa = PBXFileReference; lastKnownFileType = sourcecode.swift; path = ColorSwatchView.swift; sourceTree = "<group>"; };
		FAFC012E261D92F500067C5A /* FocusSessionView.swift */ = {isa = PBXFileReference; lastKnownFileType = sourcecode.swift; path = FocusSessionView.swift; sourceTree = "<group>"; };
		FAFC0133261D93D200067C5A /* FocusSession.swift */ = {isa = PBXFileReference; lastKnownFileType = sourcecode.swift; path = FocusSession.swift; sourceTree = "<group>"; };
/* End PBXFileReference section */

/* Begin PBXFrameworksBuildPhase section */
		FA1FE27225DC164C009D7A15 /* Frameworks */ = {
			isa = PBXFrameworksBuildPhase;
			buildActionMask = 2147483647;
			files = (
			);
			runOnlyForDeploymentPostprocessing = 0;
		};
		FA1FE28325DC164E009D7A15 /* Frameworks */ = {
			isa = PBXFrameworksBuildPhase;
			buildActionMask = 2147483647;
			files = (
			);
			runOnlyForDeploymentPostprocessing = 0;
		};
		FA1FE28E25DC164E009D7A15 /* Frameworks */ = {
			isa = PBXFrameworksBuildPhase;
			buildActionMask = 2147483647;
			files = (
			);
			runOnlyForDeploymentPostprocessing = 0;
		};
/* End PBXFrameworksBuildPhase section */

/* Begin PBXGroup section */
		FA1FE26C25DC164C009D7A15 = {
			isa = PBXGroup;
			children = (
				FA1FE27725DC164C009D7A15 /* Focus */,
				FA1FE28925DC164E009D7A15 /* FocusTests */,
				FA1FE29425DC164E009D7A15 /* FocusUITests */,
				FA1FE27625DC164C009D7A15 /* Products */,
			);
			sourceTree = "<group>";
		};
		FA1FE27625DC164C009D7A15 /* Products */ = {
			isa = PBXGroup;
			children = (
				FA1FE27525DC164C009D7A15 /* Focus.app */,
				FA1FE28625DC164E009D7A15 /* FocusTests.xctest */,
				FA1FE29125DC164E009D7A15 /* FocusUITests.xctest */,
			);
			name = Products;
			sourceTree = "<group>";
		};
		FA1FE27725DC164C009D7A15 /* Focus */ = {
			isa = PBXGroup;
			children = (
				FA89D346260E527F00E3991A /* App */,
				FA89D34A260E52A900E3991A /* View */,
				FA3EE5BF2628B5C1009B1AFC /* Model */,
				FA89D34B260E52BA00E3991A /* Data */,
				FAB8E271260BDF0D00AF5C45 /* Fonts */,
				FA70A921260BAEC700249A24 /* Resources */,
				FA1FE28125DC164E009D7A15 /* Info.plist */,
				FA1FE27E25DC164E009D7A15 /* Preview Content */,
				FA70A917260BA50100249A24 /* Colors.xcassets */,
			);
			path = Focus;
			sourceTree = "<group>";
		};
		FA1FE27E25DC164E009D7A15 /* Preview Content */ = {
			isa = PBXGroup;
			children = (
				FA1FE27F25DC164E009D7A15 /* Preview Assets.xcassets */,
			);
			path = "Preview Content";
			sourceTree = "<group>";
		};
		FA1FE28925DC164E009D7A15 /* FocusTests */ = {
			isa = PBXGroup;
			children = (
				FA1FE28A25DC164E009D7A15 /* FocusTests.swift */,
				FA1FE28C25DC164E009D7A15 /* Info.plist */,
			);
			path = FocusTests;
			sourceTree = "<group>";
		};
		FA1FE29425DC164E009D7A15 /* FocusUITests */ = {
			isa = PBXGroup;
			children = (
				FA1FE29525DC164E009D7A15 /* FocusUITests.swift */,
				FA1FE29725DC164E009D7A15 /* Info.plist */,
			);
			path = FocusUITests;
			sourceTree = "<group>";
		};
		FA35A079260E584900025F14 /* Onboarding */ = {
			isa = PBXGroup;
			children = (
				FA70A925260BB20000249A24 /* OnboardingStepView.swift */,
				FA70A92A260BB25C00249A24 /* OnboardingDataModel.swift */,
				FA336CD3261C8C5F009FCD7A /* OnboardingNavigationView.swift */,
				FAB8E262260BD9F400AF5C45 /* OnboardingView.swift */,
			);
			path = Onboarding;
			sourceTree = "<group>";
		};
		FA3EE5BF2628B5C1009B1AFC /* Model */ = {
			isa = PBXGroup;
			children = (
			);
			path = Model;
			sourceTree = "<group>";
		};
		FA70A921260BAEC700249A24 /* Resources */ = {
			isa = PBXGroup;
			children = (
				FA262A0A26381CA800849BF8 /* timer-done.wav */,
				FA70A91C260BAEBE00249A24 /* Colors.swift */,
				FA35A07D260E5B7900025F14 /* Fonts.swift */,
				FA1FE27C25DC164E009D7A15 /* Assets.xcassets */,
				FA35A085260E62D400025F14 /* Buttons.swift */,
				FA3EE5EA26292204009B1AFC /* NavigationHelper.swift */,
			);
			path = Resources;
			sourceTree = "<group>";
		};
		FA89D346260E527F00E3991A /* App */ = {
			isa = PBXGroup;
			children = (
				FA1FE27825DC164C009D7A15 /* FocusApp.swift */,
			);
			path = App;
			sourceTree = "<group>";
		};
		FA89D34A260E52A900E3991A /* View */ = {
			isa = PBXGroup;
			children = (
				FA35A079260E584900025F14 /* Onboarding */,
				FA1FE27A25DC164C009D7A15 /* ContentView.swift */,
				FA35A074260E56EF00025F14 /* CreateNewFocusView.swift */,
				FAFC0120261D228600067C5A /* ColorSwatchView.swift */,
				FAFC012E261D92F500067C5A /* FocusSessionView.swift */,
				FA3EE5DA26291A63009B1AFC /* FocusSessionSummaryView.swift */,
				FA3EE5C926290105009B1AFC /* FocusSessionPausedView.swift */,
				FA3EE5E526291B85009B1AFC /* FocusTitleView.swift */,
				FA27D96B2638275D00FA8806 /* AnimationPractice.swift */,
			);
			path = View;
			sourceTree = "<group>";
		};
		FA89D34B260E52BA00E3991A /* Data */ = {
			isa = PBXGroup;
			children = (
				FAFC0133261D93D200067C5A /* FocusSession.swift */,
			);
			path = Data;
			sourceTree = "<group>";
		};
		FAB8E271260BDF0D00AF5C45 /* Fonts */ = {
			isa = PBXGroup;
			children = (
				FAB8E26C260BDF0700AF5C45 /* Archivo-Regular.ttf */,
				FAB43F39261DAC5F0016B34E /* ArchivoNarrow-Bold.ttf */,
				FAB8E267260BDEFA00AF5C45 /* Archivo-SemiBold.ttf */,
			);
			path = Fonts;
			sourceTree = "<group>";
		};
/* End PBXGroup section */

/* Begin PBXNativeTarget section */
		FA1FE27425DC164C009D7A15 /* Focus */ = {
			isa = PBXNativeTarget;
			buildConfigurationList = FA1FE29A25DC164E009D7A15 /* Build configuration list for PBXNativeTarget "Focus" */;
			buildPhases = (
				FA1FE27125DC164C009D7A15 /* Sources */,
				FA1FE27225DC164C009D7A15 /* Frameworks */,
				FA1FE27325DC164C009D7A15 /* Resources */,
			);
			buildRules = (
			);
			dependencies = (
			);
			name = Focus;
			productName = Focus;
			productReference = FA1FE27525DC164C009D7A15 /* Focus.app */;
			productType = "com.apple.product-type.application";
		};
		FA1FE28525DC164E009D7A15 /* FocusTests */ = {
			isa = PBXNativeTarget;
			buildConfigurationList = FA1FE29D25DC164E009D7A15 /* Build configuration list for PBXNativeTarget "FocusTests" */;
			buildPhases = (
				FA1FE28225DC164E009D7A15 /* Sources */,
				FA1FE28325DC164E009D7A15 /* Frameworks */,
				FA1FE28425DC164E009D7A15 /* Resources */,
			);
			buildRules = (
			);
			dependencies = (
				FA1FE28825DC164E009D7A15 /* PBXTargetDependency */,
			);
			name = FocusTests;
			productName = FocusTests;
			productReference = FA1FE28625DC164E009D7A15 /* FocusTests.xctest */;
			productType = "com.apple.product-type.bundle.unit-test";
		};
		FA1FE29025DC164E009D7A15 /* FocusUITests */ = {
			isa = PBXNativeTarget;
			buildConfigurationList = FA1FE2A025DC164E009D7A15 /* Build configuration list for PBXNativeTarget "FocusUITests" */;
			buildPhases = (
				FA1FE28D25DC164E009D7A15 /* Sources */,
				FA1FE28E25DC164E009D7A15 /* Frameworks */,
				FA1FE28F25DC164E009D7A15 /* Resources */,
			);
			buildRules = (
			);
			dependencies = (
				FA1FE29325DC164E009D7A15 /* PBXTargetDependency */,
			);
			name = FocusUITests;
			productName = FocusUITests;
			productReference = FA1FE29125DC164E009D7A15 /* FocusUITests.xctest */;
			productType = "com.apple.product-type.bundle.ui-testing";
		};
/* End PBXNativeTarget section */

/* Begin PBXProject section */
		FA1FE26D25DC164C009D7A15 /* Project object */ = {
			isa = PBXProject;
			attributes = {
				LastSwiftUpdateCheck = 1240;
				LastUpgradeCheck = 1240;
				TargetAttributes = {
					FA1FE27425DC164C009D7A15 = {
						CreatedOnToolsVersion = 12.4;
					};
					FA1FE28525DC164E009D7A15 = {
						CreatedOnToolsVersion = 12.4;
						TestTargetID = FA1FE27425DC164C009D7A15;
					};
					FA1FE29025DC164E009D7A15 = {
						CreatedOnToolsVersion = 12.4;
						TestTargetID = FA1FE27425DC164C009D7A15;
					};
				};
			};
			buildConfigurationList = FA1FE27025DC164C009D7A15 /* Build configuration list for PBXProject "Focus" */;
			compatibilityVersion = "Xcode 9.3";
			developmentRegion = en;
			hasScannedForEncodings = 0;
			knownRegions = (
				en,
				Base,
			);
			mainGroup = FA1FE26C25DC164C009D7A15;
			productRefGroup = FA1FE27625DC164C009D7A15 /* Products */;
			projectDirPath = "";
			projectRoot = "";
			targets = (
				FA1FE27425DC164C009D7A15 /* Focus */,
				FA1FE28525DC164E009D7A15 /* FocusTests */,
				FA1FE29025DC164E009D7A15 /* FocusUITests */,
			);
		};
/* End PBXProject section */

/* Begin PBXResourcesBuildPhase section */
		FA1FE27325DC164C009D7A15 /* Resources */ = {
			isa = PBXResourcesBuildPhase;
			buildActionMask = 2147483647;
			files = (
				FAB8E268260BDEFA00AF5C45 /* Archivo-SemiBold.ttf in Resources */,
				FA262A0B26381CA900849BF8 /* timer-done.wav in Resources */,
				FAB43F3A261DAC5F0016B34E /* ArchivoNarrow-Bold.ttf in Resources */,
				FA70A918260BA50100249A24 /* Colors.xcassets in Resources */,
				FA1FE28025DC164E009D7A15 /* Preview Assets.xcassets in Resources */,
				FAB8E26D260BDF0700AF5C45 /* Archivo-Regular.ttf in Resources */,
				FA1FE27D25DC164E009D7A15 /* Assets.xcassets in Resources */,
			);
			runOnlyForDeploymentPostprocessing = 0;
		};
		FA1FE28425DC164E009D7A15 /* Resources */ = {
			isa = PBXResourcesBuildPhase;
			buildActionMask = 2147483647;
			files = (
				FA262A0C26381CA900849BF8 /* timer-done.wav in Resources */,
			);
			runOnlyForDeploymentPostprocessing = 0;
		};
		FA1FE28F25DC164E009D7A15 /* Resources */ = {
			isa = PBXResourcesBuildPhase;
			buildActionMask = 2147483647;
			files = (
				FA262A0D26381CA900849BF8 /* timer-done.wav in Resources */,
			);
			runOnlyForDeploymentPostprocessing = 0;
		};
/* End PBXResourcesBuildPhase section */

/* Begin PBXSourcesBuildPhase section */
		FA1FE27125DC164C009D7A15 /* Sources */ = {
			isa = PBXSourcesBuildPhase;
			buildActionMask = 2147483647;
			files = (
				FA3EE5CA26290106009B1AFC /* FocusSessionPausedView.swift in Sources */,
				FAFC012F261D92F500067C5A /* FocusSessionView.swift in Sources */,
				FA1FE27B25DC164C009D7A15 /* ContentView.swift in Sources */,
				FA70A926260BB20000249A24 /* OnboardingStepView.swift in Sources */,
				FAFC0134261D93D200067C5A /* FocusSession.swift in Sources */,
				FA3EE5DB26291A64009B1AFC /* FocusSessionSummaryView.swift in Sources */,
				FAFC0121261D228600067C5A /* ColorSwatchView.swift in Sources */,
				FA1FE27925DC164C009D7A15 /* FocusApp.swift in Sources */,
				FAB8E263260BD9F400AF5C45 /* OnboardingView.swift in Sources */,
				FA35A086260E62D400025F14 /* Buttons.swift in Sources */,
				FA336CD4261C8C5F009FCD7A /* OnboardingNavigationView.swift in Sources */,
				FA70A92B260BB25C00249A24 /* OnboardingDataModel.swift in Sources */,
				FA3EE5E626291B85009B1AFC /* FocusTitleView.swift in Sources */,
				FA3EE5EB26292204009B1AFC /* NavigationHelper.swift in Sources */,
				FA35A07E260E5B7900025F14 /* Fonts.swift in Sources */,
				FA35A075260E56EF00025F14 /* CreateNewFocusView.swift in Sources */,
				FA70A91D260BAEBE00249A24 /* Colors.swift in Sources */,
				FA27D96C2638275D00FA8806 /* AnimationPractice.swift in Sources */,
			);
			runOnlyForDeploymentPostprocessing = 0;
		};
		FA1FE28225DC164E009D7A15 /* Sources */ = {
			isa = PBXSourcesBuildPhase;
			buildActionMask = 2147483647;
			files = (
				FA1FE28B25DC164E009D7A15 /* FocusTests.swift in Sources */,
			);
			runOnlyForDeploymentPostprocessing = 0;
		};
		FA1FE28D25DC164E009D7A15 /* Sources */ = {
			isa = PBXSourcesBuildPhase;
			buildActionMask = 2147483647;
			files = (
				FA1FE29625DC164E009D7A15 /* FocusUITests.swift in Sources */,
			);
			runOnlyForDeploymentPostprocessing = 0;
		};
/* End PBXSourcesBuildPhase section */

/* Begin PBXTargetDependency section */
		FA1FE28825DC164E009D7A15 /* PBXTargetDependency */ = {
			isa = PBXTargetDependency;
			target = FA1FE27425DC164C009D7A15 /* Focus */;
			targetProxy = FA1FE28725DC164E009D7A15 /* PBXContainerItemProxy */;
		};
		FA1FE29325DC164E009D7A15 /* PBXTargetDependency */ = {
			isa = PBXTargetDependency;
			target = FA1FE27425DC164C009D7A15 /* Focus */;
			targetProxy = FA1FE29225DC164E009D7A15 /* PBXContainerItemProxy */;
		};
/* End PBXTargetDependency section */

/* Begin XCBuildConfiguration section */
		FA1FE29825DC164E009D7A15 /* Debug */ = {
			isa = XCBuildConfiguration;
			buildSettings = {
				ALWAYS_SEARCH_USER_PATHS = NO;
				CLANG_ANALYZER_NONNULL = YES;
				CLANG_ANALYZER_NUMBER_OBJECT_CONVERSION = YES_AGGRESSIVE;
				CLANG_CXX_LANGUAGE_STANDARD = "gnu++14";
				CLANG_CXX_LIBRARY = "libc++";
				CLANG_ENABLE_MODULES = YES;
				CLANG_ENABLE_OBJC_ARC = YES;
				CLANG_ENABLE_OBJC_WEAK = YES;
				CLANG_WARN_BLOCK_CAPTURE_AUTORELEASING = YES;
				CLANG_WARN_BOOL_CONVERSION = YES;
				CLANG_WARN_COMMA = YES;
				CLANG_WARN_CONSTANT_CONVERSION = YES;
				CLANG_WARN_DEPRECATED_OBJC_IMPLEMENTATIONS = YES;
				CLANG_WARN_DIRECT_OBJC_ISA_USAGE = YES_ERROR;
				CLANG_WARN_DOCUMENTATION_COMMENTS = YES;
				CLANG_WARN_EMPTY_BODY = YES;
				CLANG_WARN_ENUM_CONVERSION = YES;
				CLANG_WARN_INFINITE_RECURSION = YES;
				CLANG_WARN_INT_CONVERSION = YES;
				CLANG_WARN_NON_LITERAL_NULL_CONVERSION = YES;
				CLANG_WARN_OBJC_IMPLICIT_RETAIN_SELF = YES;
				CLANG_WARN_OBJC_LITERAL_CONVERSION = YES;
				CLANG_WARN_OBJC_ROOT_CLASS = YES_ERROR;
				CLANG_WARN_QUOTED_INCLUDE_IN_FRAMEWORK_HEADER = YES;
				CLANG_WARN_RANGE_LOOP_ANALYSIS = YES;
				CLANG_WARN_STRICT_PROTOTYPES = YES;
				CLANG_WARN_SUSPICIOUS_MOVE = YES;
				CLANG_WARN_UNGUARDED_AVAILABILITY = YES_AGGRESSIVE;
				CLANG_WARN_UNREACHABLE_CODE = YES;
				CLANG_WARN__DUPLICATE_METHOD_MATCH = YES;
				COPY_PHASE_STRIP = NO;
				DEBUG_INFORMATION_FORMAT = dwarf;
				ENABLE_STRICT_OBJC_MSGSEND = YES;
				ENABLE_TESTABILITY = YES;
				GCC_C_LANGUAGE_STANDARD = gnu11;
				GCC_DYNAMIC_NO_PIC = NO;
				GCC_NO_COMMON_BLOCKS = YES;
				GCC_OPTIMIZATION_LEVEL = 0;
				GCC_PREPROCESSOR_DEFINITIONS = (
					"DEBUG=1",
					"$(inherited)",
				);
				GCC_WARN_64_TO_32_BIT_CONVERSION = YES;
				GCC_WARN_ABOUT_RETURN_TYPE = YES_ERROR;
				GCC_WARN_UNDECLARED_SELECTOR = YES;
				GCC_WARN_UNINITIALIZED_AUTOS = YES_AGGRESSIVE;
				GCC_WARN_UNUSED_FUNCTION = YES;
				GCC_WARN_UNUSED_VARIABLE = YES;
				IPHONEOS_DEPLOYMENT_TARGET = 14.4;
				MTL_ENABLE_DEBUG_INFO = INCLUDE_SOURCE;
				MTL_FAST_MATH = YES;
				ONLY_ACTIVE_ARCH = YES;
				SDKROOT = iphoneos;
				SWIFT_ACTIVE_COMPILATION_CONDITIONS = DEBUG;
				SWIFT_OPTIMIZATION_LEVEL = "-Onone";
			};
			name = Debug;
		};
		FA1FE29925DC164E009D7A15 /* Release */ = {
			isa = XCBuildConfiguration;
			buildSettings = {
				ALWAYS_SEARCH_USER_PATHS = NO;
				CLANG_ANALYZER_NONNULL = YES;
				CLANG_ANALYZER_NUMBER_OBJECT_CONVERSION = YES_AGGRESSIVE;
				CLANG_CXX_LANGUAGE_STANDARD = "gnu++14";
				CLANG_CXX_LIBRARY = "libc++";
				CLANG_ENABLE_MODULES = YES;
				CLANG_ENABLE_OBJC_ARC = YES;
				CLANG_ENABLE_OBJC_WEAK = YES;
				CLANG_WARN_BLOCK_CAPTURE_AUTORELEASING = YES;
				CLANG_WARN_BOOL_CONVERSION = YES;
				CLANG_WARN_COMMA = YES;
				CLANG_WARN_CONSTANT_CONVERSION = YES;
				CLANG_WARN_DEPRECATED_OBJC_IMPLEMENTATIONS = YES;
				CLANG_WARN_DIRECT_OBJC_ISA_USAGE = YES_ERROR;
				CLANG_WARN_DOCUMENTATION_COMMENTS = YES;
				CLANG_WARN_EMPTY_BODY = YES;
				CLANG_WARN_ENUM_CONVERSION = YES;
				CLANG_WARN_INFINITE_RECURSION = YES;
				CLANG_WARN_INT_CONVERSION = YES;
				CLANG_WARN_NON_LITERAL_NULL_CONVERSION = YES;
				CLANG_WARN_OBJC_IMPLICIT_RETAIN_SELF = YES;
				CLANG_WARN_OBJC_LITERAL_CONVERSION = YES;
				CLANG_WARN_OBJC_ROOT_CLASS = YES_ERROR;
				CLANG_WARN_QUOTED_INCLUDE_IN_FRAMEWORK_HEADER = YES;
				CLANG_WARN_RANGE_LOOP_ANALYSIS = YES;
				CLANG_WARN_STRICT_PROTOTYPES = YES;
				CLANG_WARN_SUSPICIOUS_MOVE = YES;
				CLANG_WARN_UNGUARDED_AVAILABILITY = YES_AGGRESSIVE;
				CLANG_WARN_UNREACHABLE_CODE = YES;
				CLANG_WARN__DUPLICATE_METHOD_MATCH = YES;
				COPY_PHASE_STRIP = NO;
				DEBUG_INFORMATION_FORMAT = "dwarf-with-dsym";
				ENABLE_NS_ASSERTIONS = NO;
				ENABLE_STRICT_OBJC_MSGSEND = YES;
				GCC_C_LANGUAGE_STANDARD = gnu11;
				GCC_NO_COMMON_BLOCKS = YES;
				GCC_WARN_64_TO_32_BIT_CONVERSION = YES;
				GCC_WARN_ABOUT_RETURN_TYPE = YES_ERROR;
				GCC_WARN_UNDECLARED_SELECTOR = YES;
				GCC_WARN_UNINITIALIZED_AUTOS = YES_AGGRESSIVE;
				GCC_WARN_UNUSED_FUNCTION = YES;
				GCC_WARN_UNUSED_VARIABLE = YES;
				IPHONEOS_DEPLOYMENT_TARGET = 14.4;
				MTL_ENABLE_DEBUG_INFO = NO;
				MTL_FAST_MATH = YES;
				SDKROOT = iphoneos;
				SWIFT_COMPILATION_MODE = wholemodule;
				SWIFT_OPTIMIZATION_LEVEL = "-O";
				VALIDATE_PRODUCT = YES;
			};
			name = Release;
		};
		FA1FE29B25DC164E009D7A15 /* Debug */ = {
			isa = XCBuildConfiguration;
			buildSettings = {
				ASSETCATALOG_COMPILER_APPICON_NAME = AppIcon;
				ASSETCATALOG_COMPILER_GLOBAL_ACCENT_COLOR_NAME = AccentColor;
				CODE_SIGN_STYLE = Automatic;
				DEVELOPMENT_ASSET_PATHS = "\"Focus/Preview Content\"";
				DEVELOPMENT_TEAM = 6UJ7T2VQ96;
				ENABLE_PREVIEWS = YES;
				INFOPLIST_FILE = Focus/Info.plist;
				IPHONEOS_DEPLOYMENT_TARGET = 14.0;
				LD_RUNPATH_SEARCH_PATHS = (
					"$(inherited)",
					"@executable_path/Frameworks",
				);
				PRODUCT_BUNDLE_IDENTIFIER = com.superhi.Focus;
				PRODUCT_NAME = "$(TARGET_NAME)";
				SWIFT_VERSION = 5.0;
				TARGETED_DEVICE_FAMILY = "1,2";
			};
			name = Debug;
		};
		FA1FE29C25DC164E009D7A15 /* Release */ = {
			isa = XCBuildConfiguration;
			buildSettings = {
				ASSETCATALOG_COMPILER_APPICON_NAME = AppIcon;
				ASSETCATALOG_COMPILER_GLOBAL_ACCENT_COLOR_NAME = AccentColor;
				CODE_SIGN_STYLE = Automatic;
				DEVELOPMENT_ASSET_PATHS = "\"Focus/Preview Content\"";
				DEVELOPMENT_TEAM = 6UJ7T2VQ96;
				ENABLE_PREVIEWS = YES;
				INFOPLIST_FILE = Focus/Info.plist;
				IPHONEOS_DEPLOYMENT_TARGET = 14.0;
				LD_RUNPATH_SEARCH_PATHS = (
					"$(inherited)",
					"@executable_path/Frameworks",
				);
				PRODUCT_BUNDLE_IDENTIFIER = com.superhi.Focus;
				PRODUCT_NAME = "$(TARGET_NAME)";
				SWIFT_VERSION = 5.0;
				TARGETED_DEVICE_FAMILY = "1,2";
			};
			name = Release;
		};
		FA1FE29E25DC164E009D7A15 /* Debug */ = {
			isa = XCBuildConfiguration;
			buildSettings = {
				ALWAYS_EMBED_SWIFT_STANDARD_LIBRARIES = YES;
				BUNDLE_LOADER = "$(TEST_HOST)";
				CODE_SIGN_STYLE = Automatic;
				INFOPLIST_FILE = FocusTests/Info.plist;
				IPHONEOS_DEPLOYMENT_TARGET = 14.0;
				LD_RUNPATH_SEARCH_PATHS = (
					"$(inherited)",
					"@executable_path/Frameworks",
					"@loader_path/Frameworks",
				);
				PRODUCT_BUNDLE_IDENTIFIER = com.superhi.FocusTests;
				PRODUCT_NAME = "$(TARGET_NAME)";
				SWIFT_VERSION = 5.0;
				TARGETED_DEVICE_FAMILY = "1,2";
				TEST_HOST = "$(BUILT_PRODUCTS_DIR)/Focus.app/Focus";
			};
			name = Debug;
		};
		FA1FE29F25DC164E009D7A15 /* Release */ = {
			isa = XCBuildConfiguration;
			buildSettings = {
				ALWAYS_EMBED_SWIFT_STANDARD_LIBRARIES = YES;
				BUNDLE_LOADER = "$(TEST_HOST)";
				CODE_SIGN_STYLE = Automatic;
				INFOPLIST_FILE = FocusTests/Info.plist;
				IPHONEOS_DEPLOYMENT_TARGET = 14.0;
				LD_RUNPATH_SEARCH_PATHS = (
					"$(inherited)",
					"@executable_path/Frameworks",
					"@loader_path/Frameworks",
				);
				PRODUCT_BUNDLE_IDENTIFIER = com.superhi.FocusTests;
				PRODUCT_NAME = "$(TARGET_NAME)";
				SWIFT_VERSION = 5.0;
				TARGETED_DEVICE_FAMILY = "1,2";
				TEST_HOST = "$(BUILT_PRODUCTS_DIR)/Focus.app/Focus";
			};
			name = Release;
		};
		FA1FE2A125DC164E009D7A15 /* Debug */ = {
			isa = XCBuildConfiguration;
			buildSettings = {
				ALWAYS_EMBED_SWIFT_STANDARD_LIBRARIES = YES;
				CODE_SIGN_STYLE = Automatic;
				INFOPLIST_FILE = FocusUITests/Info.plist;
				LD_RUNPATH_SEARCH_PATHS = (
					"$(inherited)",
					"@executable_path/Frameworks",
					"@loader_path/Frameworks",
				);
				PRODUCT_BUNDLE_IDENTIFIER = com.superhi.FocusUITests;
				PRODUCT_NAME = "$(TARGET_NAME)";
				SWIFT_VERSION = 5.0;
				TARGETED_DEVICE_FAMILY = "1,2";
				TEST_TARGET_NAME = Focus;
			};
			name = Debug;
		};
		FA1FE2A225DC164E009D7A15 /* Release */ = {
			isa = XCBuildConfiguration;
			buildSettings = {
				ALWAYS_EMBED_SWIFT_STANDARD_LIBRARIES = YES;
				CODE_SIGN_STYLE = Automatic;
				INFOPLIST_FILE = FocusUITests/Info.plist;
				LD_RUNPATH_SEARCH_PATHS = (
					"$(inherited)",
					"@executable_path/Frameworks",
					"@loader_path/Frameworks",
				);
				PRODUCT_BUNDLE_IDENTIFIER = com.superhi.FocusUITests;
				PRODUCT_NAME = "$(TARGET_NAME)";
				SWIFT_VERSION = 5.0;
				TARGETED_DEVICE_FAMILY = "1,2";
				TEST_TARGET_NAME = Focus;
			};
			name = Release;
		};
/* End XCBuildConfiguration section */

/* Begin XCConfigurationList section */
		FA1FE27025DC164C009D7A15 /* Build configuration list for PBXProject "Focus" */ = {
			isa = XCConfigurationList;
			buildConfigurations = (
				FA1FE29825DC164E009D7A15 /* Debug */,
				FA1FE29925DC164E009D7A15 /* Release */,
			);
			defaultConfigurationIsVisible = 0;
			defaultConfigurationName = Release;
		};
		FA1FE29A25DC164E009D7A15 /* Build configuration list for PBXNativeTarget "Focus" */ = {
			isa = XCConfigurationList;
			buildConfigurations = (
				FA1FE29B25DC164E009D7A15 /* Debug */,
				FA1FE29C25DC164E009D7A15 /* Release */,
			);
			defaultConfigurationIsVisible = 0;
			defaultConfigurationName = Release;
		};
		FA1FE29D25DC164E009D7A15 /* Build configuration list for PBXNativeTarget "FocusTests" */ = {
			isa = XCConfigurationList;
			buildConfigurations = (
				FA1FE29E25DC164E009D7A15 /* Debug */,
				FA1FE29F25DC164E009D7A15 /* Release */,
			);
			defaultConfigurationIsVisible = 0;
			defaultConfigurationName = Release;
		};
		FA1FE2A025DC164E009D7A15 /* Build configuration list for PBXNativeTarget "FocusUITests" */ = {
			isa = XCConfigurationList;
			buildConfigurations = (
				FA1FE2A125DC164E009D7A15 /* Debug */,
				FA1FE2A225DC164E009D7A15 /* Release */,
			);
			defaultConfigurationIsVisible = 0;
			defaultConfigurationName = Release;
		};
/* End XCConfigurationList section */
	};
	rootObject = FA1FE26D25DC164C009D7A15 /* Project object */;
}
